
Microsoft Visual Studio Solution File, Format Version 12.00
# Visual Studio 2012
Project("{FAE04EC0-301F-11D3-BF4B-00C04F79EFBC}") = "LessonBasket.iOS", "iOS\LessonBasket.iOS.csproj", "{85924AAA-D902-47A5-9400-BADE1341E9F4}"
EndProject
Project("{D954291E-2A0B-460D-934E-DC6B0785DB48}") = "LessonBasket", "LessonBasket\LessonBasket.shproj", "{962CA6B1-77B0-4B9D-87A8-0163DF3882F9}"
EndProject
Project("{FAE04EC0-301F-11D3-BF4B-00C04F79EFBC}") = "LessonBasket.Android", "LessonBasket.Android\LessonBasket.Android.csproj", "{C4333605-5970-45A3-BFE7-0962C22E7A78}"
EndProject
Global
	GlobalSection(SolutionConfigurationPlatforms) = preSolution
		Debug|iPhoneSimulator = Debug|iPhoneSimulator
		Release|iPhone = Release|iPhone
		Release|iPhoneSimulator = Release|iPhoneSimulator
		Debug|iPhone = Debug|iPhone
	EndGlobalSection
	GlobalSection(ProjectConfigurationPlatforms) = postSolution
		{85924AAA-D902-47A5-9400-BADE1341E9F4}.Debug|iPhone.ActiveCfg = Debug|iPhone
		{85924AAA-D902-47A5-9400-BADE1341E9F4}.Debug|iPhone.Build.0 = Debug|iPhone
		{85924AAA-D902-47A5-9400-BADE1341E9F4}.Debug|iPhoneSimulator.ActiveCfg = Debug|iPhoneSimulator
		{85924AAA-D902-47A5-9400-BADE1341E9F4}.Debug|iPhoneSimulator.Build.0 = Debug|iPhoneSimulator
		{85924AAA-D902-47A5-9400-BADE1341E9F4}.Release|iPhone.ActiveCfg = Release|iPhone
		{85924AAA-D902-47A5-9400-BADE1341E9F4}.Release|iPhone.Build.0 = Release|iPhone
		{85924AAA-D902-47A5-9400-BADE1341E9F4}.Release|iPhoneSimulator.ActiveCfg = Release|iPhoneSimulator
		{85924AAA-D902-47A5-9400-BADE1341E9F4}.Release|iPhoneSimulator.Build.0 = Release|iPhoneSimulator
		{C4333605-5970-45A3-BFE7-0962C22E7A78}.Debug|iPhone.ActiveCfg = Debug|Any CPU
		{C4333605-5970-45A3-BFE7-0962C22E7A78}.Debug|iPhone.Build.0 = Debug|Any CPU
		{C4333605-5970-45A3-BFE7-0962C22E7A78}.Debug|iPhoneSimulator.ActiveCfg = Debug|Any CPU
		{C4333605-5970-45A3-BFE7-0962C22E7A78}.Debug|iPhoneSimulator.Build.0 = Debug|Any CPU
		{C4333605-5970-45A3-BFE7-0962C22E7A78}.Release|iPhone.ActiveCfg = Release|Any CPU
		{C4333605-5970-45A3-BFE7-0962C22E7A78}.Release|iPhone.Build.0 = Release|Any CPU
		{C4333605-5970-45A3-BFE7-0962C22E7A78}.Release|iPhoneSimulator.ActiveCfg = Release|Any CPU
		{C4333605-5970-45A3-BFE7-0962C22E7A78}.Release|iPhoneSimulator.Build.0 = Release|Any CPU
	EndGlobalSection
EndGlobal
